lockfileVersion: '9.0'

settings:
  autoInstallPeers: true
  excludeLinksFromLockfile: false

importers:

  .:
    devDependencies:
      '@playwright/test':
        specifier: ^1.60.0
        version: 1.60.0
      '@types/node':
        specifier: ^25.7.0
        version: 25.7.0
      '@types/pg':
        specifier: ^8.15.6
        version: 8.20.0
      allure-commandline:
        specifier: ^2.40.0
        version: 2.40.0
      allure-playwright:
        specifier: ^3.8.0
        version: 3.8.0(@playwright/test@1.60.0)
      pg:
        specifier: ^8.16.3
        version: 8.20.0
      tdpw:
        specifier: ^1.0.36
        version: 1.0.36

packages:

  '@kwsites/file-exists@1.1.1':
    resolution: {integrity: sha512-m9/5YGR18lIwxSFDwfE3oA7bWuq9kdau6ugN4H2rJeyhFQZcG9AgSHkQtSD15a8WvTgfz9aikZMrKPHvbpqFiw==}

  '@kwsites/promise-deferred@1.1.1':
    resolution: {integrity: sha512-GaHYm+c0O9MjZRu0ongGBRbinu8gVAMd2UZjji6jVmqKtZluZnptXGWhz1E8j8D2HJ3f/yMxKAUC0b+57wncIw==}

  '@playwright/test@1.60.0':
    resolution: {integrity: sha512-O71yZIbAh/PxDMNGns37GHBIfrVkEVyn+AXyIa5dOTfb4/xNvRWV+Vv/NMbNCtODB/pO7vLlF2OTmMVLhmr7Ag==}
    engines: {node: '>=18'}
    hasBin: true

  '@types/node@25.7.0':
    resolution: {integrity: sha512-z+pdZyxE+RTQE9AcboAZCb4otwcrvgHD+GlBpPgn0emDVt0ohrTMhAwlr2Wd9nZ+nihhYFxO2pThz3C5qSu2Eg==}

  '@types/pg@8.20.0':
    resolution: {integrity: sha512-bEPFOaMAHTEP1EzpvHTbmwR8UsFyHSKsRisLIHVMXnpNefSbGA1bD6CVy+qKjGSqmZqNqBDV2azOBo8TgkcVow==}

  allure-commandline@2.40.0:
    resolution: {integrity: sha512-Oyv2yOx8ORBPloYmfHny4TZa9m0Bq0MAJEf5YoNMs/Ft/dbCWkIF/xNU82c5wqgn65uHSh6ka6BUXHeruXC03w==}
    hasBin: true

  allure-js-commons@3.8.0:
    resolution: {integrity: sha512-CVPuXSKsHf6I8M1+d4JFhQ/XkaHyF/clQITPJmSXMF69seNLIDbyOlyz5nkKV4waqbb5m3wH8wMkmugy2EVkxw==}
    peerDependencies:
      allure-playwright: 3.8.0
    peerDependenciesMeta:
      allure-playwright:
        optional: true

  allure-playwright@3.8.0:
    resolution: {integrity: sha512-Yky7QY0pKoVSa4pBBDegRrxDK8uS5QegJE4D9Iw538oIkr8LrhhoBUvnVrai7N3Ad/DAQyLJBBOewn1KESQfsQ==}
    peerDependencies:
      '@playwright/test': '>=1.53.0'

  ansi-regex@5.0.1:
    resolution: {integrity: sha512-quJQXlTSUGL2LH9SUXo8VwsY4soanhgo6LNSm84E1LBcE8s3O0wpdiRzyR9z/ZZJMlMWv37qOOb9pdJlMUEKFQ==}
    engines: {node: '>=8'}

  ansi-regex@6.2.2:
    resolution: {integrity: sha512-Bq3SmSpyFHaWjPk8If9yc6svM8c56dB5BAtW4Qbw5jHTwwXXcTLoRMkpDJp6VL0XzlWaCHTXrkFURMYmD0sLqg==}
    engines: {node: '>=12'}

  chalk@5.6.2:
    resolution: {integrity: sha512-7NzBL0rN6fMUW+f7A6Io4h40qQlG+xGmtMxfbnH/K7TAtt8JQWVQK+6g0UXKMeVJoyV5EkkNsErQ8pVD3bLHbA==}
    engines: {node: ^12.17.0 || ^14.13 || >=16.0.0}

  charenc@0.0.2:
    resolution: {integrity: sha512-yrLQ/yVUFXkzg7EDQsPieE/53+0RlaWTs+wBrvW36cyilJ2SaDWfl4Yj7MtLTXleV9uEKefbAGUPv2/iWSooRA==}

  cli-cursor@5.0.0:
    resolution: {integrity: sha512-aCj4O5wKyszjMmDT4tZj93kxyydN/K5zPWSCe6/0AV/AA1pqe5ZBIw0a2ZfPQV7lL5/yb5HsUreJ6UFAF1tEQw==}
    engines: {node: '>=18'}

  cli-progress@3.12.0:
    resolution: {integrity: sha512-tRkV3HJ1ASwm19THiiLIXLO7Im7wlTuKnvkYaTkyoAPefqjNg7W7DHKUlGRxy9vxDvbyCYQkQozvptuMkGCg8A==}
    engines: {node: '>=4'}

  cli-spinners@2.9.2:
    resolution: {integrity: sha512-ywqV+5MmyL4E7ybXgKys4DugZbX0FC6LnwrhjuykIjnK9k8OQacQ7axGKnjDXWNhns0xot3bZI5h55H8yo9cJg==}
    engines: {node: '>=6'}

  commander@14.0.3:
    resolution: {integrity: sha512-H+y0Jo/T1RZ9qPP4Eh1pkcQcLRglraJaSLoyOtHxu6AapkjWVCy2Sit1QQ4x3Dng8qDlSsZEet7g5Pq06MvTgw==}
    engines: {node: '>=20'}

  crypt@0.0.2:
    resolution: {integrity: sha512-mCxBlsHFYh9C+HVpiEacem8FEBnMXgU9gy4zmNC+SXAZNB/1idgp/aulFJ4FgCi7GPEVbfyng092GqL2k2rmow==}

  debug@4.4.3:
    resolution: {integrity: sha512-RGwwWnwQvkVfavKVt22FGLw+xYSdzARwm0ru6DhTVA3umU5hZc28V3kO4stgYryrTlLpuvgI9GiijltAjNbcqA==}
    engines: {node: '>=6.0'}
    peerDependencies:
      supports-color: '*'
    peerDependenciesMeta:
      supports-color:
        optional: true

  dotenv-expand@12.0.3:
    resolution: {integrity: sha512-uc47g4b+4k/M/SeaW1y4OApx+mtLWl92l5LMPP0GNXctZqELk+YGgOPIIC5elYmUH4OuoK3JLhuRUYegeySiFA==}
    engines: {node: '>=12'}

  dotenv@16.6.1:
    resolution: {integrity: sha512-uBq4egWHTcTt33a72vpSG0z3HnPuIl6NqYcTrKEg2azoEyl2hpW0zqlxysq2pK9HlDIHyHyakeYaYnSAwd8bow==}
    engines: {node: '>=12'}

  emoji-regex@10.6.0:
    resolution: {integrity: sha512-toUI84YS5YmxW219erniWD0CIVOo46xGKColeNQRgOzDorgBi1v4D71/OFzgD9GO2UGKIv1C3Sp8DAn0+j5w7A==}

  emoji-regex@8.0.0:
    resolution: {integrity: sha512-MSjYzcWNOA0ewAHpz0MxpYFvwg6yjy1NG3xteoqz644VCo/RPgnr1/GGt+ic3iJTzQ8Eu3TdM14SawnVUmGE6A==}

  figures@6.1.0:
    resolution: {integrity: sha512-d+l3qxjSesT4V7v2fh+QnmFnUWv9lSpjarhShNTgBOfA0ttejbQUAlHLitbjkoRiDulW0OPoQPYIGhIC8ohejg==}
    engines: {node: '>=18'}

  fsevents@2.3.2:
    resolution: {integrity: sha512-xiqMQR4xAeHTuB9uWm+fFRcIOgKBMiOBP+eXiyT7jsgVCq1bkVygt00oASowB7EdtpOHaaPgKt812P9ab+DDKA==}
    engines: {node: ^8.16.0 || ^10.6.0 || >=11.0.0}
    os: [darwin]

  get-east-asian-width@1.6.0:
    resolution: {integrity: sha512-QRbvDIbx6YklUe6RxeTeleMR0yv3cYH6PsPZHcnVn7xv7zO1BHN8r0XETu8n6Ye3Q+ahtSarc3WgtNWmehIBfA==}
    engines: {node: '>=18'}

  is-buffer@1.1.6:
    resolution: {integrity: sha512-NcdALwpXkTm5Zvvbk7owOUSvVvBKDgKP5/ewfXEznmQFfs4ZRmanOeKBTjRVjka3QFoN6XJ+9F3USqfHqTaU5w==}

  is-fullwidth-code-point@3.0.0:
    resolution: {integrity: sha512-zymm5+u+sCsSWyD9qNaejV3DFvhCKclKdizYaJUuHA83RLjb7nSuGnddCHGv0hk+KY7BMAlsWeK4Ueg6EV6XQg==}
    engines: {node: '>=8'}

  is-interactive@2.0.0:
    resolution: {integrity: sha512-qP1vozQRI+BMOPcjFzrjXuQvdak2pHNUMZoeG2eRbiSqyvbEf/wQtEOTOX1guk6E3t36RkaqiSt8A/6YElNxLQ==}
    engines: {node: '>=12'}

  is-unicode-supported@1.3.0:
    resolution: {integrity: sha512-43r2mRvz+8JRIKnWJ+3j8JtjRKZ6GmjzfaE/qiBJnikNnYv/6bagRJ1kUhNk8R5EX/GkobD+r+sfxCPJsiKBLQ==}
    engines: {node: '>=12'}

  is-unicode-supported@2.1.0:
    resolution: {integrity: sha512-mE00Gnza5EEB3Ds0HfMyllZzbBrmLOX3vfWoj9A9PEnTfratQ/BcaJOuMhnkhjXvb2+FkY3VuHqtAGpTPmglFQ==}
    engines: {node: '>=18'}

  log-symbols@6.0.0:
    resolution: {integrity: sha512-i24m8rpwhmPIS4zscNzK6MSEhk0DUWa/8iYQWxhffV8jkI4Phvs3F+quL5xvS0gdQR0FyTCMMH33Y78dDTzzIw==}
    engines: {node: '>=18'}

  md5@2.3.0:
    resolution: {integrity: sha512-T1GITYmFaKuO91vxyoQMFETst+O71VUPEU3ze5GNzDm0OWdP8v1ziTaAEPUr/3kLsY3Sftgz242A1SetQiDL7g==}

  mimic-function@5.0.1:
    resolution: {integrity: sha512-VP79XUPxV2CigYP3jWwAUFSku2aKqBH7uTAapFWCBqutsbmDo96KY5o8uh6U+/YSIn5OxJnXp73beVkpqMIGhA==}
    engines: {node: '>=18'}

  ms@2.1.3:
    resolution: {integrity: sha512-6FlzubTLZG3J2a/NVCAleEhjzq5oxgHyaCU9yYXvcLsvoVaHJq/s5xXI6/XXP6tz7R9xAOtHnSO/tXtF3WRTlA==}

  onetime@7.0.0:
    resolution: {integrity: sha512-VXJjc87FScF88uafS3JllDgvAm+c/Slfz06lorj2uAY34rlUu0Nt+v8wreiImcrgAjjIHp1rXpTDlLOGw29WwQ==}
    engines: {node: '>=18'}

  ora@8.2.0:
    resolution: {integrity: sha512-weP+BZ8MVNnlCm8c0Qdc1WSWq4Qn7I+9CJGm7Qali6g44e/PUzbjNqJX5NJ9ljlNMosfJvg1fKEGILklK9cwnw==}
    engines: {node: '>=18'}

  pg-cloudflare@1.3.0:
    resolution: {integrity: sha512-6lswVVSztmHiRtD6I8hw4qP/nDm1EJbKMRhf3HCYaqud7frGysPv7FYJ5noZQdhQtN2xJnimfMtvQq21pdbzyQ==}

  pg-connection-string@2.12.0:
    resolution: {integrity: sha512-U7qg+bpswf3Cs5xLzRqbXbQl85ng0mfSV/J0nnA31MCLgvEaAo7CIhmeyrmJpOr7o+zm0rXK+hNnT5l9RHkCkQ==}

  pg-int8@1.0.1:
    resolution: {integrity: sha512-WCtabS6t3c8SkpDBUlb1kjOs7l66xsGdKpIPZsg4wR+B3+u9UAum2odSsF9tnvxg80h4ZxLWMy4pRjOsFIqQpw==}
    engines: {node: '>=4.0.0'}

  pg-pool@3.13.0:
    resolution: {integrity: sha512-gB+R+Xud1gLFuRD/QgOIgGOBE2KCQPaPwkzBBGC9oG69pHTkhQeIuejVIk3/cnDyX39av2AxomQiyPT13WKHQA==}
    peerDependencies:
      pg: '>=8.0'

  pg-protocol@1.13.0:
    resolution: {integrity: sha512-zzdvXfS6v89r6v7OcFCHfHlyG/wvry1ALxZo4LqgUoy7W9xhBDMaqOuMiF3qEV45VqsN6rdlcehHrfDtlCPc8w==}

  pg-types@2.2.0:
    resolution: {integrity: sha512-qTAAlrEsl8s4OiEQY69wDvcMIdQN6wdz5ojQiOy6YRMuynxenON0O5oCpJI6lshc6scgAY8qvJ2On/p+CXY0GA==}
    engines: {node: '>=4'}

  pg@8.20.0:
    resolution: {integrity: sha512-ldhMxz2r8fl/6QkXnBD3CR9/xg694oT6DZQ2s6c/RI28OjtSOpxnPrUCGOBJ46RCUxcWdx3p6kw/xnDHjKvaRA==}
    engines: {node: '>= 16.0.0'}
    peerDependencies:
      pg-native: '>=3.0.1'
    peerDependenciesMeta:
      pg-native:
        optional: true

  pgpass@1.0.5:
    resolution: {integrity: sha512-FdW9r/jQZhSeohs1Z3sI1yxFQNFvMcnmfuj4WBMUTxOrAyLMaTcE1aAMBiTlbMNaXvBCQuVi0R7hd8udDSP7ug==}

  playwright-core@1.60.0:
    resolution: {integrity: sha512-9bW6zvX/m0lEbgTKJ6YppOKx8H3VOPBMOCFh2irXFOT4BbHgrx5hPjwJYLT40Lu+4qtD36qKc/Hn56StUW57IA==}
    engines: {node: '>=18'}
    hasBin: true

  playwright@1.60.0:
    resolution: {integrity: sha512-hheHdokM8cdqCb0lcE3s+zT4t4W+vvjpGxsZlDnikarzx8tSzMebh3UiFtgqwFwnTnjYQcsyMF8ei2mCO/tpeA==}
    engines: {node: '>=18'}
    hasBin: true

  postgres-array@2.0.0:
    resolution: {integrity: sha512-VpZrUqU5A69eQyW2c5CA1jtLecCsN2U/bD6VilrFDWq5+5UIEVO7nazS3TEcHf1zuPYO/sqGvUvW62g86RXZuA==}
    engines: {node: '>=4'}

  postgres-bytea@1.0.1:
    resolution: {integrity: sha512-5+5HqXnsZPE65IJZSMkZtURARZelel2oXUEO8rH83VS/hxH5vv1uHquPg5wZs8yMAfdv971IU+kcPUczi7NVBQ==}
    engines: {node: '>=0.10.0'}

  postgres-date@1.0.7:
    resolution: {integrity: sha512-suDmjLVQg78nMK2UZ454hAG+OAW+HQPZ6n++TNDUX+L0+uUlLywnoxJKDou51Zm+zTCjrCl0Nq6J9C5hP9vK/Q==}
    engines: {node: '>=0.10.0'}

  postgres-interval@1.2.0:
    resolution: {integrity: sha512-9ZhXKM/rw350N1ovuWHbGxnGh/SNJ4cnxHiM0rxE4VN41wsg8P8zWn9hv/buK00RP4WvlOyr/RBDiptyxVbkZQ==}
    engines: {node: '>=0.10.0'}

  restore-cursor@5.1.0:
    resolution: {integrity: sha512-oMA2dcrw6u0YfxJQXm342bFKX/E4sG9rbTzO9ptUcR/e8A33cHuvStiYOwH7fszkZlZ1z/ta9AAoPk2F4qIOHA==}
    engines: {node: '>=18'}

  signal-exit@4.1.0:
    resolution: {integrity: sha512-bzyZ1e88w9O1iNJbKnOlvYTrWPDl46O1bG0D3XInv+9tkPrxrN8jUUTiFlDkkmKWgn1M6CfIA13SuGqOa9Korw==}
    engines: {node: '>=14'}

  simple-git@3.33.0:
    resolution: {integrity: sha512-D4V/tGC2sjsoNhoMybKyGoE+v8A60hRawKQ1iFRA1zwuDgGZCBJ4ByOzZ5J8joBbi4Oam0qiPH+GhzmSBwbJng==}

  split2@4.2.0:
    resolution: {integrity: sha512-UcjcJOWknrNkF6PLX83qcHM6KHgVKNkV62Y8a5uYDVv9ydGQVwAHMKqHdJje1VTWpljG0WYpCDhrCdAOYH4TWg==}
    engines: {node: '>= 10.x'}

  stdin-discarder@0.2.2:
    resolution: {integrity: sha512-UhDfHmA92YAlNnCfhmq0VeNL5bDbiZGg7sZ2IvPsXubGkiNa9EC+tUTsjBRsYUAz87btI6/1wf4XoVvQ3uRnmQ==}
    engines: {node: '>=18'}

  string-width@4.2.3:
    resolution: {integrity: sha512-wKyQRQpjJ0sIp62ErSZdGsjMJWsap5oRNihHhu6G7JVO/9jIB6UyevL+tXuOqrng8j/cxKTWyWUwvSTriiZz/g==}
    engines: {node: '>=8'}

  string-width@7.2.0:
    resolution: {integrity: sha512-tsaTIkKW9b4N+AEj+SVA+WhJzV7/zMhcSu78mLKWSk7cXMOSHsBKFWUs0fWwq8QyK3MgJBQRX6Gbi4kYbdvGkQ==}
    engines: {node: '>=18'}

  strip-ansi@6.0.1:
    resolution: {integrity: sha512-Y38VPSHcqkFrCpFnQ9vuSXmquuv5oXOKpGeT6aGrr3o3Gc9AlVa6JBfUSOCnbxGGZF+/0ooI7KrPuUSztUdU5A==}
    engines: {node: '>=8'}

  strip-ansi@7.2.0:
    resolution: {integrity: sha512-yDPMNjp4WyfYBkHnjIRLfca1i6KMyGCtsVgoKe/z1+6vukgaENdgGBZt+ZmKPc4gavvEZ5OgHfHdrazhgNyG7w==}
    engines: {node: '>=12'}

  tdpw@1.0.36:
    resolution: {integrity: sha512-WsKDpaYQK6oSRzRahfrPCdtY+L7YGIbQLpkCCR+uphNBlx8g5D81Ud1R2cujl/VlRXdhj265Bulznsari7Vzwg==}
    engines: {node: '>=18.0.0', npm: '>=9.0.0'}
    hasBin: true

  tslib@2.8.1:
    resolution: {integrity: sha512-oJFu94HQb+KVduSUQL7wnpmqnfmLsOA/nAh6b6EH0wCEoK0/mPeXU6c3wKDV83MkOuHPRHtSXKKU99IBazS/2w==}

  undici-types@7.21.0:
    resolution: {integrity: sha512-w9IMgQrz4O0YN1LtB7K5P63vhlIOvC7opSmouCJ+ZywlPAlO9gIkJ+otk6LvGpAs2wg4econaCz3TvQ9xPoyuQ==}

  xtend@4.0.2:
    resolution: {integrity: sha512-LKYU1iAXJXUgAXn9URjiu+MWhyUXHsvfp7mcuYm9dSUKK0/CjtrUwFAxD82/mCWbtLsGjFIad0wIsod4zrTAEQ==}
    engines: {node: '>=0.4'}

  zod@4.4.3:
    resolution: {integrity: sha512-ytENFjIJFl2UwYglde2jchW2Hwm4GJFLDiSXWdTrJQBIN9Fcyp7n4DhxJEiWNAJMV1/BqWfW/kkg71UDcHJyTQ==}

snapshots:

  '@kwsites/file-exists@1.1.1':
    dependencies:
      debug: 4.4.3
    transitivePeerDependencies:
      - supports-color

  '@kwsites/promise-deferred@1.1.1': {}

  '@playwright/test@1.60.0':
    dependencies:
      playwright: 1.60.0

  '@types/node@25.7.0':
    dependencies:
      undici-types: 7.21.0

  '@types/pg@8.20.0':
    dependencies:
      '@types/node': 25.7.0
      pg-protocol: 1.13.0
      pg-types: 2.2.0

  allure-commandline@2.40.0: {}

  allure-js-commons@3.8.0(allure-playwright@3.8.0(@playwright/test@1.60.0)):
    dependencies:
      md5: 2.3.0
    optionalDependencies:
      allure-playwright: 3.8.0(@playwright/test@1.60.0)

  allure-playwright@3.8.0(@playwright/test@1.60.0):
    dependencies:
      '@playwright/test': 1.60.0
      allure-js-commons: 3.8.0(allure-playwright@3.8.0(@playwright/test@1.60.0))

  ansi-regex@5.0.1: {}

  ansi-regex@6.2.2: {}

  chalk@5.6.2: {}

  charenc@0.0.2: {}

  cli-cursor@5.0.0:
    dependencies:
      restore-cursor: 5.1.0

  cli-progress@3.12.0:
    dependencies:
      string-width: 4.2.3

  cli-spinners@2.9.2: {}

  commander@14.0.3: {}

  crypt@0.0.2: {}

  debug@4.4.3:
    dependencies:
      ms: 2.1.3

  dotenv-expand@12.0.3:
    dependencies:
      dotenv: 16.6.1

  dotenv@16.6.1: {}

  emoji-regex@10.6.0: {}

  emoji-regex@8.0.0: {}

  figures@6.1.0:
    dependencies:
      is-unicode-supported: 2.1.0

  fsevents@2.3.2:
    optional: true

  get-east-asian-width@1.6.0: {}

  is-buffer@1.1.6: {}

  is-fullwidth-code-point@3.0.0: {}

  is-interactive@2.0.0: {}

  is-unicode-supported@1.3.0: {}

  is-unicode-supported@2.1.0: {}

  log-symbols@6.0.0:
    dependencies:
      chalk: 5.6.2
      is-unicode-supported: 1.3.0

  md5@2.3.0:
    dependencies:
      charenc: 0.0.2
      crypt: 0.0.2
      is-buffer: 1.1.6

  mimic-function@5.0.1: {}

  ms@2.1.3: {}

  onetime@7.0.0:
    dependencies:
      mimic-function: 5.0.1

  ora@8.2.0:
    dependencies:
      chalk: 5.6.2
      cli-cursor: 5.0.0
      cli-spinners: 2.9.2
      is-interactive: 2.0.0
      is-unicode-supported: 2.1.0
      log-symbols: 6.0.0
      stdin-discarder: 0.2.2
      string-width: 7.2.0
      strip-ansi: 7.2.0

  pg-cloudflare@1.3.0:
    optional: true

  pg-connection-string@2.12.0: {}

  pg-int8@1.0.1: {}

  pg-pool@3.13.0(pg@8.20.0):
    dependencies:
      pg: 8.20.0

  pg-protocol@1.13.0: {}

  pg-types@2.2.0:
    dependencies:
      pg-int8: 1.0.1
      postgres-array: 2.0.0
      postgres-bytea: 1.0.1
      postgres-date: 1.0.7
      postgres-interval: 1.2.0

  pg@8.20.0:
    dependencies:
      pg-connection-string: 2.12.0
      pg-pool: 3.13.0(pg@8.20.0)
      pg-protocol: 1.13.0
      pg-types: 2.2.0
      pgpass: 1.0.5
    optionalDependencies:
      pg-cloudflare: 1.3.0

  pgpass@1.0.5:
    dependencies:
      split2: 4.2.0

  playwright-core@1.60.0: {}

  playwright@1.60.0:
    dependencies:
      playwright-core: 1.60.0
    optionalDependencies:
      fsevents: 2.3.2

  postgres-array@2.0.0: {}

  postgres-bytea@1.0.1: {}

  postgres-date@1.0.7: {}

  postgres-interval@1.2.0:
    dependencies:
      xtend: 4.0.2

  restore-cursor@5.1.0:
    dependencies:
      onetime: 7.0.0
      signal-exit: 4.1.0

  signal-exit@4.1.0: {}

  simple-git@3.33.0:
    dependencies:
      '@kwsites/file-exists': 1.1.1
      '@kwsites/promise-deferred': 1.1.1
      debug: 4.4.3
    transitivePeerDependencies:
      - supports-color

  split2@4.2.0: {}

  stdin-discarder@0.2.2: {}

  string-width@4.2.3:
    dependencies:
      emoji-regex: 8.0.0
      is-fullwidth-code-point: 3.0.0
      strip-ansi: 6.0.1

  string-width@7.2.0:
    dependencies:
      emoji-regex: 10.6.0
      get-east-asian-width: 1.6.0
      strip-ansi: 7.2.0

  strip-ansi@6.0.1:
    dependencies:
      ansi-regex: 5.0.1

  strip-ansi@7.2.0:
    dependencies:
      ansi-regex: 6.2.2

  tdpw@1.0.36:
    dependencies:
      chalk: 5.6.2
      cli-progress: 3.12.0
      commander: 14.0.3
      dotenv-expand: 12.0.3
      figures: 6.1.0
      ora: 8.2.0
      simple-git: 3.33.0
      tslib: 2.8.1
      zod: 4.4.3
    transitivePeerDependencies:
      - supports-color

  tslib@2.8.1: {}

  undici-types@7.21.0: {}

  xtend@4.0.2: {}

  zod@4.4.3: {}
